// !$*UTF8*$!
{
	archiveVersion = 1;
	classes = {
	};
	objectVersion = 77;
	objects = {

/* Begin PBXBuildFile section */
		2ED0C2C82FD840AE00B1BBCB /* GrowthBook-IOS in Frameworks */ = {isa = PBXBuildFile; productRef = 2EAA20712FC8E70700703DA3 /* GrowthBook-IOS */; };
/* End PBXBuildFile section */

/* Begin PBXContainerItemProxy section */
		2EAA204E2FC8E70700703DA3 /* PBXContainerItemProxy */ = {
			isa = PBXContainerItemProxy;
			containerPortal = 2EAA20362FC8E70600703DA3 /* Project object */;
			proxyType = 1;
			remoteGlobalIDString = 2EAA203D2FC8E70600703DA3;
			remoteInfo = "jokester-deck";
		};
		2EAA20582FC8E70700703DA3 /* PBXContainerItemProxy */ = {
			isa = PBXContainerItemProxy;
			containerPortal = 2EAA20362FC8E70600703DA3 /* Project object */;
			proxyType = 1;
			remoteGlobalIDString = 2EAA203D2FC8E70600703DA3;
			remoteInfo = "jokester-deck";
		};
/* End PBXContainerItemProxy section */

/* Begin PBXFileReference section */
		2EAA203E2FC8E70600703DA3 /* jokester-deck.app */ = {isa = PBXFileReference; explicitFileType = wrapper.application; includeInIndex = 0; path = "jokester-deck.app"; sourceTree = BUILT_PRODUCTS_DIR; };
		2EAA204D2FC8E70700703DA3 /* jokester-deckTests.xctest */ = {isa = PBXFileReference; explicitFileType = wrapper.cfbundle; includeInIndex = 0; path = "jokester-deckTests.xctest"; sourceTree = BUILT_PRODUCTS_DIR; };
		2EAA20572FC8E70700703DA3 /* jokester-deckUITests.xctest */ = {isa = PBXFileReference; explicitFileType = wrapper.cfbundle; includeInIndex = 0; path = "jokester-deckUITests.xctest"; sourceTree = BUILT_PRODUCTS_DIR; };
/* End PBXFileReference section */

/* Begin PBXFileSystemSynchronizedRootGroup section */
		2EAA20402FC8E70600703DA3 /* jokester-deck */ = {
			isa = PBXFileSystemSynchronizedRootGroup;
			path = "jokester-deck";
			sourceTree = "<group>";
		};
		2EAA20502FC8E70700703DA3 /* jokester-deckTests */ = {
			isa = PBXFileSystemSynchronizedRootGroup;
			path = "jokester-deckTests";
			sourceTree = "<group>";
		};
		2EAA205A2FC8E70700703DA3 /* jokester-deckUITests */ = {
			isa = PBXFileSystemSynchronizedRootGroup;
			path = "jokester-deckUITests";
			sourceTree = "<group>";
		};
/* End PBXFileSystemSynchronizedRootGroup section */

/* Begin PBXFrameworksBuildPhase section */
		2EAA203B2FC8E70600703DA3 /* Frameworks */ = {
			isa = PBXFrameworksBuildPhase;
			buildActionMask = 2147483647;
			files = (
				2ED0C2C82FD840AE00B1BBCB /* GrowthBook-IOS in Frameworks */,
			);
			runOnlyForDeploymentPostprocessing = 0;
		};
		2EAA204A2FC8E70700703DA3 /* Frameworks */ = {
			isa = PBXFrameworksBuildPhase;
			buildActionMask = 2147483647;
			files = (
			);
			runOnlyForDeploymentPostprocessing = 0;
		};
		2EAA20542FC8E70700703DA3 /* Frameworks */ = {
			isa = PBXFrameworksBuildPhase;
			buildActionMask = 2147483647;
			files = (
			);
			runOnlyForDeploymentPostprocessing = 0;
		};
/* End PBXFrameworksBuildPhase section */

/* Begin PBXGroup section */
		2EAA20352FC8E70600703DA3 = {
			isa = PBXGroup;
			children = (
				2EAA20402FC8E70600703DA3 /* jokester-deck */,
				2EAA20502FC8E70700703DA3 /* jokester-deckTests */,
				2EAA205A2FC8E70700703DA3 /* jokester-deckUITests */,
				2EAA203F2FC8E70600703DA3 /* Products */,
			);
			sourceTree = "<group>";
		};
		2EAA203F2FC8E70600703DA3 /* Products */ = {
			isa = PBXGroup;
			children = (
				2EAA203E2FC8E70600703DA3 /* jokester-deck.app */,
				2EAA204D2FC8E70700703DA3 /* jokester-deckTests.xctest */,
				2EAA20572FC8E70700703DA3 /* jokester-deckUITests.xctest */,
			);
			name = Products;
			sourceTree = "<group>";
		};
/* End PBXGroup section */

/* Begin PBXNativeTarget section */
		2EAA203D2FC8E70600703DA3 /* jokester-deck */ = {
			isa = PBXNativeTarget;
			buildConfigurationList = 2EAA20612FC8E70700703DA3 /* Build configuration list for PBXNativeTarget "jokester-deck" */;
			buildPhases = (
				2EAA203A2FC8E70600703DA3 /* Sources */,
				2EAA203B2FC8E70600703DA3 /* Frameworks */,
				2EAA203C2FC8E70600703DA3 /* Resources */,
			);
			buildRules = (
			);
			dependencies = (
			);
			fileSystemSynchronizedGroups = (
				2EAA20402FC8E70600703DA3 /* jokester-deck */,
			);
			name = "jokester-deck";
			packageProductDependencies = (
				2EAA20712FC8E70700703DA3 /* GrowthBook-IOS */,
			);
			productName = "jokester-deck";
			productReference = 2EAA203E2FC8E70600703DA3 /* jokester-deck.app */;
			productType = "com.apple.product-type.application";
		};
		2EAA204C2FC8E70700703DA3 /* jokester-deckTests */ = {
			isa = PBXNativeTarget;
			buildConfigurationList = 2EAA20642FC8E70700703DA3 /* Build configuration list for PBXNativeTarget "jokester-deckTests" */;
			buildPhases = (
				2EAA20492FC8E70700703DA3 /* Sources */,
				2EAA204A2FC8E70700703DA3 /* Frameworks */,
				2EAA204B2FC8E70700703DA3 /* Resources */,
			);
			buildRules = (
			);
			dependencies = (
				2EAA204F2FC8E70700703DA3 /* PBXTargetDependency */,
			);
			fileSystemSynchronizedGroups = (
				2EAA20502FC8E70700703DA3 /* jokester-deckTests */,
			);
			name = "jokester-deckTests";
			packageProductDependencies = (
			);
			productName = "jokester-deckTests";
			productReference = 2EAA204D2FC8E70700703DA3 /* jokester-deckTests.xctest */;
			productType = "com.apple.product-type.bundle.unit-test";
		};
		2EAA20562FC8E70700703DA3 /* jokester-deckUITests */ = {
			isa = PBXNativeTarget;
			buildConfigurationList = 2EAA20672FC8E70700703DA3 /* Build configuration list for PBXNativeTarget "jokester-deckUITests" */;
			buildPhases = (
				2EAA20532FC8E70700703DA3 /* Sources */,
				2EAA20542FC8E70700703DA3 /* Frameworks */,
				2EAA20552FC8E70700703DA3 /* Resources */,
			);
			buildRules = (
			);
			dependencies = (
				2EAA20592FC8E70700703DA3 /* PBXTargetDependency */,
			);
			fileSystemSynchronizedGroups = (
				2EAA205A2FC8E70700703DA3 /* jokester-deckUITests */,
			);
			name = "jokester-deckUITests";
			packageProductDependencies = (
			);
			productName = "jokester-deckUITests";
			productReference = 2EAA20572FC8E70700703DA3 /* jokester-deckUITests.xctest */;
			productType = "com.apple.product-type.bundle.ui-testing";
		};
/* End PBXNativeTarget section */

/* Begin PBXProject section */
		2EAA20362FC8E70600703DA3 /* Project object */ = {
			isa = PBXProject;
			attributes = {
				BuildIndependentTargetsInParallel = 1;
				LastSwiftUpdateCheck = 2650;
				LastUpgradeCheck = 2650;
				TargetAttributes = {
					2EAA203D2FC8E70600703DA3 = {
						CreatedOnToolsVersion = 26.5;
					};
					2EAA204C2FC8E70700703DA3 = {
						CreatedOnToolsVersion = 26.5;
						TestTargetID = 2EAA203D2FC8E70600703DA3;
					};
					2EAA20562FC8E70700703DA3 = {
						CreatedOnToolsVersion = 26.5;
						TestTargetID = 2EAA203D2FC8E70600703DA3;
					};
				};
			};
			buildConfigurationList = 2EAA20392FC8E70600703DA3 /* Build configuration list for PBXProject "jokester-deck" */;
			developmentRegion = en;
			hasScannedForEncodings = 0;
			knownRegions = (
				en,
				Base,
			);
			mainGroup = 2EAA20352FC8E70600703DA3;
			minimizedProjectReferenceProxies = 1;
			packageReferences = (
				2EAA20702FC8E70700703DA3 /* XCRemoteSwiftPackageReference "growthbook-swift" */,
			);
			preferredProjectObjectVersion = 77;
			productRefGroup = 2EAA203F2FC8E70600703DA3 /* Products */;
			projectDirPath = "";
			projectRoot = "";
			targets = (
				2EAA203D2FC8E70600703DA3 /* jokester-deck */,
				2EAA204C2FC8E70700703DA3 /* jokester-deckTests */,
				2EAA20562FC8E70700703DA3 /* jokester-deckUITests */,
			);
		};
/* End PBXProject section */

/* Begin PBXResourcesBuildPhase section */
		2EAA203C2FC8E70600703DA3 /* Resources */ = {
			isa = PBXResourcesBuildPhase;
			buildActionMask = 2147483647;
			files = (
			);
			runOnlyForDeploymentPostprocessing = 0;
		};
		2EAA204B2FC8E70700703DA3 /* Resources */ = {
			isa = PBXResourcesBuildPhase;
			buildActionMask = 2147483647;
			files = (
			);
			runOnlyForDeploymentPostprocessing = 0;
		};
		2EAA20552FC8E70700703DA3 /* Resources */ = {
			isa = PBXResourcesBuildPhase;
			buildActionMask = 2147483647;
			files = (
			);
			runOnlyForDeploymentPostprocessing = 0;
		};
/* End PBXResourcesBuildPhase section */

/* Begin PBXSourcesBuildPhase section */
		2EAA203A2FC8E70600703DA3 /* Sources */ = {
			isa = PBXSourcesBuildPhase;
			buildActionMask = 2147483647;
			files = (
			);
			runOnlyForDeploymentPostprocessing = 0;
		};
		2EAA20492FC8E70700703DA3 /* Sources */ = {
			isa = PBXSourcesBuildPhase;
			buildActionMask = 2147483647;
			files = (
			);
			runOnlyForDeploymentPostprocessing = 0;
		};
		2EAA20532FC8E70700703DA3 /* Sources */ = {
			isa = PBXSourcesBuildPhase;
			buildActionMask = 2147483647;
			files = (
			);
			runOnlyForDeploymentPostprocessing = 0;
		};
/* End PBXSourcesBuildPhase section */

/* Begin PBXTargetDependency section */
		2EAA204F2FC8E70700703DA3 /* PBXTargetDependency */ = {
			isa = PBXTargetDependency;
			target = 2EAA203D2FC8E70600703DA3 /* jokester-deck */;
			targetProxy = 2EAA204E2FC8E70700703DA3 /* PBXContainerItemProxy */;
		};
		2EAA20592FC8E70700703DA3 /* PBXTargetDependency */ = {
			isa = PBXTargetDependency;
			target = 2EAA203D2FC8E70600703DA3 /* jokester-deck */;
			targetProxy = 2EAA20582FC8E70700703DA3 /* PBXContainerItemProxy */;
		};
/* End PBXTargetDependency section */

/* Begin XCBuildConfiguration section */
		2EAA205F2FC8E70700703DA3 /* Debug */ = {
			isa = XCBuildConfiguration;
			buildSettings = {
				ALWAYS_SEARCH_USER_PATHS = NO;
				ASSETCATALOG_COMPILER_GENERATE_SWIFT_ASSET_SYMBOL_EXTENSIONS = YES;
				CLANG_ANALYZER_NONNULL = YES;
				CLANG_ANALYZER_NUMBER_OBJECT_CONVERSION = YES_AGGRESSIVE;
				CLANG_CXX_LANGUAGE_STANDARD = "gnu++20";
				CLANG_ENABLE_MODULES = YES;
				CLANG_ENABLE_OBJC_ARC = YES;
				CLANG_ENABLE_OBJC_WEAK = YES;
				CLANG_WARN_BLOCK_CAPTURE_AUTORELEASING = YES;
				CLANG_WARN_BOOL_CONVERSION = YES;
				CLANG_WARN_COMMA = YES;
				CLANG_WARN_CONSTANT_CONVERSION = YES;
				CLANG_WARN_DEPRECATED_OBJC_IMPLEMENTATIONS = YES;
				CLANG_WARN_DIRECT_OBJC_ISA_USAGE = YES_ERROR;
				CLANG_WARN_DOCUMENTATION_COMMENTS = YES;
				CLANG_WARN_EMPTY_BODY = YES;
				CLANG_WARN_ENUM_CONVERSION = YES;
				CLANG_WARN_INFINITE_RECURSION = YES;
				CLANG_WARN_INT_CONVERSION = YES;
				CLANG_WARN_NON_LITERAL_NULL_CONVERSION = YES;
				CLANG_WARN_OBJC_IMPLICIT_RETAIN_SELF = YES;
				CLANG_WARN_OBJC_LITERAL_CONVERSION = YES;
				CLANG_WARN_OBJC_ROOT_CLASS = YES_ERROR;
				CLANG_WARN_QUOTED_INCLUDE_IN_FRAMEWORK_HEADER = YES;
				CLANG_WARN_RANGE_LOOP_ANALYSIS = YES;
				CLANG_WARN_STRICT_PROTOTYPES = YES;
				CLANG_WARN_SUSPICIOUS_MOVE = YES;
				CLANG_WARN_UNGUARDED_AVAILABILITY = YES_AGGRESSIVE;
				CLANG_WARN_UNREACHABLE_CODE = YES;
				CLANG_WARN__DUPLICATE_METHOD_MATCH = YES;
				COPY_PHASE_STRIP = NO;
				DEBUG_INFORMATION_FORMAT = dwarf;
				ENABLE_STRICT_OBJC_MSGSEND = YES;
				ENABLE_TESTABILITY = YES;
				ENABLE_USER_SCRIPT_SANDBOXING = YES;
				GCC_C_LANGUAGE_STANDARD = gnu17;
				GCC_DYNAMIC_NO_PIC = NO;
				GCC_NO_COMMON_BLOCKS = YES;
				GCC_OPTIMIZATION_LEVEL = 0;
				GCC_PREPROCESSOR_DEFINITIONS = (
					"DEBUG=1",
					"$(inherited)",
				);
				GCC_WARN_64_TO_32_BIT_CONVERSION = YES;
				GCC_WARN_ABOUT_RETURN_TYPE = YES_ERROR;
				GCC_WARN_UNDECLARED_SELECTOR = YES;
				GCC_WARN_UNINITIALIZED_AUTOS = YES_AGGRESSIVE;
				GCC_WARN_UNUSED_FUNCTION = YES;
				GCC_WARN_UNUSED_VARIABLE = YES;
				IPHONEOS_DEPLOYMENT_TARGET = 17.0;
				LOCALIZATION_PREFERS_STRING_CATALOGS = YES;
				MTL_ENABLE_DEBUG_INFO = INCLUDE_SOURCE;
				MTL_FAST_MATH = YES;
				ONLY_ACTIVE_ARCH = YES;
				SDKROOT = iphoneos;
				SWIFT_ACTIVE_COMPILATION_CONDITIONS = "DEBUG $(inherited)";
				SWIFT_OPTIMIZATION_LEVEL = "-Onone";
			};
			name = Debug;
		};
		2EAA20602FC8E70700703DA3 /* Release */ = {
			isa = XCBuildConfiguration;
			buildSettings = {
				ALWAYS_SEARCH_USER_PATHS = NO;
				ASSETCATALOG_COMPILER_GENERATE_SWIFT_ASSET_SYMBOL_EXTENSIONS = YES;
				CLANG_ANALYZER_NONNULL = YES;
				CLANG_ANALYZER_NUMBER_OBJECT_CONVERSION = YES_AGGRESSIVE;
				CLANG_CXX_LANGUAGE_STANDARD = "gnu++20";
				CLANG_ENABLE_MODULES = YES;
				CLANG_ENABLE_OBJC_ARC = YES;
				CLANG_ENABLE_OBJC_WEAK = YES;
				CLANG_WARN_BLOCK_CAPTURE_AUTORELEASING = YES;
				CLANG_WARN_BOOL_CONVERSION = YES;
				CLANG_WARN_COMMA = YES;
				CLANG_WARN_CONSTANT_CONVERSION = YES;
				CLANG_WARN_DEPRECATED_OBJC_IMPLEMENTATIONS = YES;
				CLANG_WARN_DIRECT_OBJC_ISA_USAGE = YES_ERROR;
				CLANG_WARN_DOCUMENTATION_COMMENTS = YES;
				CLANG_WARN_EMPTY_BODY = YES;
				CLANG_WARN_ENUM_CONVERSION = YES;
				CLANG_WARN_INFINITE_RECURSION = YES;
				CLANG_WARN_INT_CONVERSION = YES;
				CLANG_WARN_NON_LITERAL_NULL_CONVERSION = YES;
				CLANG_WARN_OBJC_IMPLICIT_RETAIN_SELF = YES;
				CLANG_WARN_OBJC_LITERAL_CONVERSION = YES;
				CLANG_WARN_OBJC_ROOT_CLASS = YES_ERROR;
				CLANG_WARN_QUOTED_INCLUDE_IN_FRAMEWORK_HEADER = YES;
				CLANG_WARN_RANGE_LOOP_ANALYSIS = YES;
				CLANG_WARN_STRICT_PROTOTYPES = YES;
				CLANG_WARN_SUSPICIOUS_MOVE = YES;
				CLANG_WARN_UNGUARDED_AVAILABILITY = YES_AGGRESSIVE;
				CLANG_WARN_UNREACHABLE_CODE = YES;
				CLANG_WARN__DUPLICATE_METHOD_MATCH = YES;
				COPY_PHASE_STRIP = NO;
				DEBUG_INFORMATION_FORMAT = "dwarf-with-dsym";
				ENABLE_NS_ASSERTIONS = NO;
				ENABLE_STRICT_OBJC_MSGSEND = YES;
				ENABLE_USER_SCRIPT_SANDBOXING = YES;
				GCC_C_LANGUAGE_STANDARD = gnu17;
				GCC_NO_COMMON_BLOCKS = YES;
				GCC_WARN_64_TO_32_BIT_CONVERSION = YES;
				GCC_WARN_ABOUT_RETURN_TYPE = YES_ERROR;
				GCC_WARN_UNDECLARED_SELECTOR = YES;
				GCC_WARN_UNINITIALIZED_AUTOS = YES_AGGRESSIVE;
				GCC_WARN_UNUSED_FUNCTION = YES;
				GCC_WARN_UNUSED_VARIABLE = YES;
				IPHONEOS_DEPLOYMENT_TARGET = 17.0;
				LOCALIZATION_PREFERS_STRING_CATALOGS = YES;
				MTL_ENABLE_DEBUG_INFO = NO;
				MTL_FAST_MATH = YES;
				SDKROOT = iphoneos;
				SWIFT_COMPILATION_MODE = wholemodule;
				VALIDATE_PRODUCT = YES;
			};
			name = Release;
		};
		2EAA20622FC8E70700703DA3 /* Debug */ = {
			isa = XCBuildConfiguration;
			buildSettings = {
				ASSETCATALOG_COMPILER_APPICON_NAME = AppIcon;
				ASSETCATALOG_COMPILER_GLOBAL_ACCENT_COLOR_NAME = AccentColor;
				CODE_SIGN_IDENTITY = "Apple Development";
				"CODE_SIGN_IDENTITY[sdk=iphoneos*]" = "iPhone Distribution";
				CODE_SIGN_STYLE = Manual;
				CURRENT_PROJECT_VERSION = 3;
				DEVELOPMENT_TEAM = "";
				"DEVELOPMENT_TEAM[sdk=iphoneos*]" = P8ARQSGLJ3;
				ENABLE_PREVIEWS = YES;
				GENERATE_INFOPLIST_FILE = YES;
				INFOPLIST_KEY_CFBundleDisplayName = "Jokester Deck";
				INFOPLIST_KEY_ITSAppUsesNonExemptEncryption = NO;
				INFOPLIST_KEY_LSApplicationCategoryType = "public.app-category.education";
				INFOPLIST_KEY_NSAppTransportSecurity = "{ NSAllowsArbitraryLoads = 0; }";
				INFOPLIST_KEY_UIAppFonts = "CinzelDecorative-Regular.ttf CinzelDecorative-Bold.ttf CrimsonPro-Regular.ttf";
				INFOPLIST_KEY_UIApplicationSceneManifest_Generation = YES;
				INFOPLIST_KEY_UIApplicationSupportsIndirectInputEvents = YES;
				INFOPLIST_KEY_UILaunchScreen_Generation = YES;
				INFOPLIST_KEY_UISupportedInterfaceOrientations_iPad = "UIInterfaceOrientationPortrait UIInterfaceOrientationPortraitUpsideDown UIInterfaceOrientationLandscapeLeft UIInterfaceOrientationLandscapeRight";
				INFOPLIST_KEY_UISupportedInterfaceOrientations_iPhone = "UIInterfaceOrientationPortrait UIInterfaceOrientationLandscapeLeft UIInterfaceOrientationLandscapeRight";
				LD_RUNPATH_SEARCH_PATHS = (
					"$(inherited)",
					"@executable_path/Frameworks",
				);
				MARKETING_VERSION = 1.1;
				PRODUCT_BUNDLE_IDENTIFIER = com.jokester.deck;
				PRODUCT_NAME = "$(TARGET_NAME)";
				PROVISIONING_PROFILE_SPECIFIER = "";
				"PROVISIONING_PROFILE_SPECIFIER[sdk=iphoneos*]" = JokesterDeckDistrProfile;
				STRING_CATALOG_GENERATE_SYMBOLS = YES;
				SUPPORTED_PLATFORMS = "iphoneos iphonesimulator";
				SUPPORTS_MACCATALYST = NO;
				SUPPORTS_MAC_DESIGNED_FOR_IPHONE_IPAD = NO;
				SUPPORTS_XR_DESIGNED_FOR_IPHONE_IPAD = NO;
				SWIFT_APPROACHABLE_CONCURRENCY = YES;
				SWIFT_DEFAULT_ACTOR_ISOLATION = MainActor;
				SWIFT_EMIT_LOC_STRINGS = YES;
				SWIFT_UPCOMING_FEATURE_MEMBER_IMPORT_VISIBILITY = YES;
				SWIFT_VERSION = 5.0;
				TARGETED_DEVICE_FAMILY = "1,2";
			};
			name = Debug;
		};
		2EAA20632FC8E70700703DA3 /* Release */ = {
			isa = XCBuildConfiguration;
			buildSettings = {
				ASSETCATALOG_COMPILER_APPICON_NAME = AppIcon;
				ASSETCATALOG_COMPILER_GLOBAL_ACCENT_COLOR_NAME = AccentColor;
				CODE_SIGN_IDENTITY = "Apple Development";
				"CODE_SIGN_IDENTITY[sdk=iphoneos*]" = "iPhone Distribution";
				CODE_SIGN_STYLE = Manual;
				CURRENT_PROJECT_VERSION = 3;
				DEVELOPMENT_TEAM = "";
				"DEVELOPMENT_TEAM[sdk=iphoneos*]" = P8ARQSGLJ3;
				ENABLE_PREVIEWS = YES;
				GENERATE_INFOPLIST_FILE = YES;
				INFOPLIST_KEY_CFBundleDisplayName = "Jokester Deck";
				INFOPLIST_KEY_ITSAppUsesNonExemptEncryption = NO;
				INFOPLIST_KEY_LSApplicationCategoryType = "public.app-category.education";
				INFOPLIST_KEY_NSAppTransportSecurity = "{ NSAllowsArbitraryLoads = 0; }";
				INFOPLIST_KEY_UIAppFonts = "CinzelDecorative-Regular.ttf CinzelDecorative-Bold.ttf CrimsonPro-Regular.ttf";
				INFOPLIST_KEY_UIApplicationSceneManifest_Generation = YES;
				INFOPLIST_KEY_UIApplicationSupportsIndirectInputEvents = YES;
				INFOPLIST_KEY_UILaunchScreen_Generation = YES;
				INFOPLIST_KEY_UISupportedInterfaceOrientations_iPad = "UIInterfaceOrientationPortrait UIInterfaceOrientationPortraitUpsideDown UIInterfaceOrientationLandscapeLeft UIInterfaceOrientationLandscapeRight";
				INFOPLIST_KEY_UISupportedInterfaceOrientations_iPhone = "UIInterfaceOrientationPortrait UIInterfaceOrientationLandscapeLeft UIInterfaceOrientationLandscapeRight";
				LD_RUNPATH_SEARCH_PATHS = (
					"$(inherited)",
					"@executable_path/Frameworks",
				);
				MARKETING_VERSION = 1.1;
				PRODUCT_BUNDLE_IDENTIFIER = com.jokester.deck;
				PRODUCT_NAME = "$(TARGET_NAME)";
				PROVISIONING_PROFILE_SPECIFIER = "";
				"PROVISIONING_PROFILE_SPECIFIER[sdk=iphoneos*]" = JokesterDeckDistrProfile;
				STRING_CATALOG_GENERATE_SYMBOLS = YES;
				SUPPORTED_PLATFORMS = "iphoneos iphonesimulator";
				SUPPORTS_MACCATALYST = NO;
				SUPPORTS_MAC_DESIGNED_FOR_IPHONE_IPAD = NO;
				SUPPORTS_XR_DESIGNED_FOR_IPHONE_IPAD = NO;
				SWIFT_APPROACHABLE_CONCURRENCY = YES;
				SWIFT_DEFAULT_ACTOR_ISOLATION = MainActor;
				SWIFT_EMIT_LOC_STRINGS = YES;
				SWIFT_UPCOMING_FEATURE_MEMBER_IMPORT_VISIBILITY = YES;
				SWIFT_VERSION = 5.0;
				TARGETED_DEVICE_FAMILY = "1,2";
			};
			name = Release;
		};
		2EAA20652FC8E70700703DA3 /* Debug */ = {
			isa = XCBuildConfiguration;
			buildSettings = {
				BUNDLE_LOADER = "$(TEST_HOST)";
				CODE_SIGN_STYLE = Automatic;
				CURRENT_PROJECT_VERSION = 1;
				GENERATE_INFOPLIST_FILE = YES;
				IPHONEOS_DEPLOYMENT_TARGET = 26.5;
				MARKETING_VERSION = 1.0;
				PRODUCT_BUNDLE_IDENTIFIER = com.jokester.deckTests;
				PRODUCT_NAME = "$(TARGET_NAME)";
				STRING_CATALOG_GENERATE_SYMBOLS = NO;
				SWIFT_APPROACHABLE_CONCURRENCY = YES;
				SWIFT_EMIT_LOC_STRINGS = NO;
				SWIFT_UPCOMING_FEATURE_MEMBER_IMPORT_VISIBILITY = YES;
				SWIFT_VERSION = 5.0;
				TARGETED_DEVICE_FAMILY = "1,2";
				TEST_HOST = "$(BUILT_PRODUCTS_DIR)/jokester-deck.app/$(BUNDLE_EXECUTABLE_FOLDER_PATH)/jokester-deck";
			};
			name = Debug;
		};
		2EAA20662FC8E70700703DA3 /* Release */ = {
			isa = XCBuildConfiguration;
			buildSettings = {
				BUNDLE_LOADER = "$(TEST_HOST)";
				CODE_SIGN_STYLE = Automatic;
				CURRENT_PROJECT_VERSION = 1;
				GENERATE_INFOPLIST_FILE = YES;
				IPHONEOS_DEPLOYMENT_TARGET = 26.5;
				MARKETING_VERSION = 1.0;
				PRODUCT_BUNDLE_IDENTIFIER = com.jokester.deckTests;
				PRODUCT_NAME = "$(TARGET_NAME)";
				STRING_CATALOG_GENERATE_SYMBOLS = NO;
				SWIFT_APPROACHABLE_CONCURRENCY = YES;
				SWIFT_EMIT_LOC_STRINGS = NO;
				SWIFT_UPCOMING_FEATURE_MEMBER_IMPORT_VISIBILITY = YES;
				SWIFT_VERSION = 5.0;
				TARGETED_DEVICE_FAMILY = "1,2";
				TEST_HOST = "$(BUILT_PRODUCTS_DIR)/jokester-deck.app/$(BUNDLE_EXECUTABLE_FOLDER_PATH)/jokester-deck";
			};
			name = Release;
		};
		2EAA20682FC8E70700703DA3 /* Debug */ = {
			isa = XCBuildConfiguration;
			buildSettings = {
				CODE_SIGN_STYLE = Automatic;
				CURRENT_PROJECT_VERSION = 1;
				GENERATE_INFOPLIST_FILE = YES;
				MARKETING_VERSION = 1.0;
				PRODUCT_BUNDLE_IDENTIFIER = com.jokester.deckUITests;
				PRODUCT_NAME = "$(TARGET_NAME)";
				STRING_CATALOG_GENERATE_SYMBOLS = NO;
				SWIFT_APPROACHABLE_CONCURRENCY = YES;
				SWIFT_EMIT_LOC_STRINGS = NO;
				SWIFT_UPCOMING_FEATURE_MEMBER_IMPORT_VISIBILITY = YES;
				SWIFT_VERSION = 5.0;
				TARGETED_DEVICE_FAMILY = "1,2";
				TEST_TARGET_NAME = "jokester-deck";
			};
			name = Debug;
		};
		2EAA20692FC8E70700703DA3 /* Release */ = {
			isa = XCBuildConfiguration;
			buildSettings = {
				CODE_SIGN_STYLE = Automatic;
				CURRENT_PROJECT_VERSION = 1;
				GENERATE_INFOPLIST_FILE = YES;
				MARKETING_VERSION = 1.0;
				PRODUCT_BUNDLE_IDENTIFIER = com.jokester.deckUITests;
				PRODUCT_NAME = "$(TARGET_NAME)";
				STRING_CATALOG_GENERATE_SYMBOLS = NO;
				SWIFT_APPROACHABLE_CONCURRENCY = YES;
				SWIFT_EMIT_LOC_STRINGS = NO;
				SWIFT_UPCOMING_FEATURE_MEMBER_IMPORT_VISIBILITY = YES;
				SWIFT_VERSION = 5.0;
				TARGETED_DEVICE_FAMILY = "1,2";
				TEST_TARGET_NAME = "jokester-deck";
			};
			name = Release;
		};
/* End XCBuildConfiguration section */

/* Begin XCConfigurationList section */
		2EAA20392FC8E70600703DA3 /* Build configuration list for PBXProject "jokester-deck" */ = {
			isa = XCConfigurationList;
			buildConfigurations = (
				2EAA205F2FC8E70700703DA3 /* Debug */,
				2EAA20602FC8E70700703DA3 /* Release */,
			);
			defaultConfigurationIsVisible = 0;
			defaultConfigurationName = Release;
		};
		2EAA20612FC8E70700703DA3 /* Build configuration list for PBXNativeTarget "jokester-deck" */ = {
			isa = XCConfigurationList;
			buildConfigurations = (
				2EAA20622FC8E70700703DA3 /* Debug */,
				2EAA20632FC8E70700703DA3 /* Release */,
			);
			defaultConfigurationIsVisible = 0;
			defaultConfigurationName = Release;
		};
		2EAA20642FC8E70700703DA3 /* Build configuration list for PBXNativeTarget "jokester-deckTests" */ = {
			isa = XCConfigurationList;
			buildConfigurations = (
				2EAA20652FC8E70700703DA3 /* Debug */,
				2EAA20662FC8E70700703DA3 /* Release */,
			);
			defaultConfigurationIsVisible = 0;
			defaultConfigurationName = Release;
		};
		2EAA20672FC8E70700703DA3 /* Build configuration list for PBXNativeTarget "jokester-deckUITests" */ = {
			isa = XCConfigurationList;
			buildConfigurations = (
				2EAA20682FC8E70700703DA3 /* Debug */,
				2EAA20692FC8E70700703DA3 /* Release */,
			);
			defaultConfigurationIsVisible = 0;
			defaultConfigurationName = Release;
		};
/* End XCConfigurationList section */

/* Begin XCRemoteSwiftPackageReference section */
		2EAA20702FC8E70700703DA3 /* XCRemoteSwiftPackageReference "growthbook-swift" */ = {
			isa = XCRemoteSwiftPackageReference;
			repositoryURL = "https://github.com/growthbook/growthbook-swift.git";
			requirement = {
				kind = upToNextMajorVersion;
				minimumVersion = 1.0.0;
			};
		};
/* End XCRemoteSwiftPackageReference section */

/* Begin XCSwiftPackageProductDependency section */
		2EAA20712FC8E70700703DA3 /* GrowthBook-IOS */ = {
			isa = XCSwiftPackageProductDependency;
			package = 2EAA20702FC8E70700703DA3 /* XCRemoteSwiftPackageReference "growthbook-swift" */;
			productName = "GrowthBook-IOS";
		};
/* End XCSwiftPackageProductDependency section */
	};
	rootObject = 2EAA20362FC8E70600703DA3 /* Project object */;
}
